
Microsoft Visual Studio Solution File, Format Version 12.00
# Visual Studio Version 16
VisualStudioVersion = 16.0.30320.27
MinimumVisualStudioVersion = 10.0.40219.1
Project("{FAE04EC0-301F-11D3-BF4B-00C04F79EFBC}") = "FaceLoginApp.Android", "FaceLoginApp\FaceLoginApp.Android\FaceLoginApp.Android.csproj", "{773D59E1-6019-4E43-992E-3297BA1839B2}"
EndProject
Project("{FAE04EC0-301F-11D3-BF4B-00C04F79EFBC}") = "FaceLoginApp.iOS", "FaceLoginApp\FaceLoginApp.iOS\FaceLoginApp.iOS.csproj", "{41D3B1A8-C4DC-4163-834B-32C023E97535}"
EndProject
Project("{FAE04EC0-301F-11D3-BF4B-00C04F79EFBC}") = "FaceLoginApp", "FaceLoginApp\FaceLoginApp\FaceLoginApp.csproj", "{E5204D0D-065E-421E-8E89-9EEA34161D97}"
EndProject
Global
	GlobalSection(SolutionConfigurationPlatforms) = preSolution
		Debug|Any CPU = Debug|Any CPU
		Debug|iPhone = Debug|iPhone
		Debug|iPhoneSimulator = Debug|iPhoneSimulator
		Release|Any CPU = Release|Any CPU
		Release|iPhone = Release|iPhone
		Release|iPhoneSimulator = Release|iPhoneSimulator
	EndGlobalSection
	GlobalSection(ProjectConfigurationPlatforms) = postSolution
		{773D59E1-6019-4E43-992E-3297BA1839B2}.Debug|Any CPU.ActiveCfg = Debug|Any CPU
		{773D59E1-6019-4E43-992E-3297BA1839B2}.Debug|Any CPU.Build.0 = Debug|Any CPU
		{773D59E1-6019-4E43-992E-3297BA1839B2}.Debug|Any CPU.Deploy.0 = Debug|Any CPU
		{773D59E1-6019-4E43-992E-3297BA1839B2}.Debug|iPhone.ActiveCfg = Debug|Any CPU
		{773D59E1-6019-4E43-992E-3297BA1839B2}.Debug|iPhone.Build.0 = Debug|Any CPU
		{773D59E1-6019-4E43-992E-3297BA1839B2}.Debug|iPhone.Deploy.0 = Debug|Any CPU
		{773D59E1-6019-4E43-992E-3297BA1839B2}.Debug|iPhoneSimulator.ActiveCfg = Debug|Any CPU
		{773D59E1-6019-4E43-992E-3297BA1839B2}.Debug|iPhoneSimulator.Build.0 = Debug|Any CPU
		{773D59E1-6019-4E43-992E-3297BA1839B2}.Debug|iPhoneSimulator.Deploy.0 = Debug|Any CPU
		{773D59E1-6019-4E43-992E-3297BA1839B2}.Release|Any CPU.ActiveCfg = Release|Any CPU
		{773D59E1-6019-4E43-992E-3297BA1839B2}.Release|Any CPU.Build.0 = Release|Any CPU
		{773D59E1-6019-4E43-992E-3297BA1839B2}.Release|Any CPU.Deploy.0 = Release|Any CPU
		{773D59E1-6019-4E43-992E-3297BA1839B2}.Release|iPhone.ActiveCfg = Release|Any CPU
		{773D59E1-6019-4E43-992E-3297BA1839B2}.Release|iPhone.Build.0 = Release|Any CPU
		{773D59E1-6019-4E43-992E-3297BA1839B2}.Release|iPhone.Deploy.0 = Release|Any CPU
		{773D59E1-6019-4E43-992E-3297BA1839B2}.Release|iPhoneSimulator.ActiveCfg = Release|Any CPU
		{773D59E1-6019-4E43-992E-3297BA1839B2}.Release|iPhoneSimulator.Build.0 = Release|Any CPU
		{773D59E1-6019-4E43-992E-3297BA1839B2}.Release|iPhoneSimulator.Deploy.0 = Release|Any CPU
		{41D3B1A8-C4DC-4163-834B-32C023E97535}.Debug|Any CPU.ActiveCfg = Debug|iPhone
		{41D3B1A8-C4DC-4163-834B-32C023E97535}.Debug|Any CPU.Build.0 = Debug|iPhone
		{41D3B1A8-C4DC-4163-834B-32C023E97535}.Debug|Any CPU.Deploy.0 = Debug|iPhone
		{41D3B1A8-C4DC-4163-834B-32C023E97535}.Debug|iPhone.ActiveCfg = Debug|iPhone
		{41D3B1A8-C4DC-4163-834B-32C023E97535}.Debug|iPhone.Build.0 = Debug|iPhone
		{41D3B1A8-C4DC-4163-834B-32C023E97535}.Debug|iPhone.Deploy.0 = Debug|iPhone
		{41D3B1A8-C4DC-4163-834B-32C023E97535}.Debug|iPhoneSimulator.ActiveCfg = Debug|iPhoneSimulator
		{41D3B1A8-C4DC-4163-834B-32C023E97535}.Debug|iPhoneSimulator.Build.0 = Debug|iPhoneSimulator
		{41D3B1A8-C4DC-4163-834B-32C023E97535}.Debug|iPhoneSimulator.Deploy.0 = Debug|iPhoneSimulator
		{41D3B1A8-C4DC-4163-834B-32C023E97535}.Release|Any CPU.ActiveCfg = Release|iPhone
		{41D3B1A8-C4DC-4163-834B-32C023E97535}.Release|Any CPU.Build.0 = Release|iPhone
		{41D3B1A8-C4DC-4163-834B-32C023E97535}.Release|Any CPU.Deploy.0 = Release|iPhone
		{41D3B1A8-C4DC-4163-834B-32C023E97535}.Release|iPhone.ActiveCfg = Release|iPhone
		{41D3B1A8-C4DC-4163-834B-32C023E97535}.Release|iPhone.Build.0 = Release|iPhone
		{41D3B1A8-C4DC-4163-834B-32C023E97535}.Release|iPhone.Deploy.0 = Release|iPhone
		{41D3B1A8-C4DC-4163-834B-32C023E97535}.Release|iPhoneSimulator.ActiveCfg = Release|iPhoneSimulator
		{41D3B1A8-C4DC-4163-834B-32C023E97535}.Release|iPhoneSimulator.Build.0 = Release|iPhoneSimulator
		{41D3B1A8-C4DC-4163-834B-32C023E97535}.Release|iPhoneSimulator.Deploy.0 = Release|iPhoneSimulator
		{E5204D0D-065E-421E-8E89-9EEA34161D97}.Debug|Any CPU.ActiveCfg = Debug|Any CPU
		{E5204D0D-065E-421E-8E89-9EEA34161D97}.Debug|Any CPU.Build.0 = Debug|Any CPU
		{E5204D0D-065E-421E-8E89-9EEA34161D97}.Debug|Any CPU.Deploy.0 = Debug|Any CPU
		{E5204D0D-065E-421E-8E89-9EEA34161D97}.Debug|iPhone.ActiveCfg = Debug|Any CPU
		{E5204D0D-065E-421E-8E89-9EEA34161D97}.Debug|iPhone.Build.0 = Debug|Any CPU
		{E5204D0D-065E-421E-8E89-9EEA34161D97}.Debug|iPhone.Deploy.0 = Debug|Any CPU
		{E5204D0D-065E-421E-8E89-9EEA34161D97}.Debug|iPhoneSimulator.ActiveCfg = Debug|Any CPU
		{E5204D0D-065E-421E-8E89-9EEA34161D97}.Debug|iPhoneSimulator.Build.0 = Debug|Any CPU
		{E5204D0D-065E-421E-8E89-9EEA34161D97}.Debug|iPhoneSimulator.Deploy.0 = Debug|Any CPU
		{E5204D0D-065E-421E-8E89-9EEA34161D97}.Release|Any CPU.ActiveCfg = Release|Any CPU
		{E5204D0D-065E-421E-8E89-9EEA34161D97}.Release|Any CPU.Build.0 = Release|Any CPU
		{E5204D0D-065E-421E-8E89-9EEA34161D97}.Release|Any CPU.Deploy.0 = Release|Any CPU
		{E5204D0D-065E-421E-8E89-9EEA34161D97}.Release|iPhone.ActiveCfg = Release|Any CPU
		{E5204D0D-065E-421E-8E89-9EEA34161D97}.Release|iPhone.Build.0 = Release|Any CPU
		{E5204D0D-065E-421E-8E89-9EEA34161D97}.Release|iPhone.Deploy.0 = Release|Any CPU
		{E5204D0D-065E-421E-8E89-9EEA34161D97}.Release|iPhoneSimulator.ActiveCfg = Release|Any CPU
		{E5204D0D-065E-421E-8E89-9EEA34161D97}.Release|iPhoneSimulator.Build.0 = Release|Any CPU
		{E5204D0D-065E-421E-8E89-9EEA34161D97}.Release|iPhoneSimulator.Deploy.0 = Release|Any CPU
	EndGlobalSection
	GlobalSection(SolutionProperties) = preSolution
		HideSolutionNode = FALSE
	EndGlobalSection
	GlobalSection(ExtensibilityGlobals) = postSolution
		SolutionGuid = {4D9448F0-0FA0-4987-BDE1-156EB300718F}
	EndGlobalSection
EndGlobal
